
Microsoft Visual Studio Solution File, Format Version 12.00
# Visual Studio 15
VisualStudioVersion = 15.0.28307.329
MinimumVisualStudioVersion = 10.0.40219.1
Project("{FAE04EC0-301F-11D3-BF4B-00C04F79EFBC}") = "WebEnterprise", "WebEnterprise\WebEnterprise.csproj", "{EF77FE23-77C2-44A3-B941-69619A1A1685}"
EndProject
Global
	GlobalSection(SolutionConfigurationPlatforms) = preSolution
		Debug|Any CPU = Debug|Any CPU
		Release|Any CPU = Release|Any CPU
	EndGlobalSection
	GlobalSection(ProjectConfigurationPlatforms) = postSolution
		{EF77FE23-77C2-44A3-B941-69619A1A1685}.Debug|Any CPU.ActiveCfg = Debug|Any CPU
		{EF77FE23-77C2-44A3-B941-69619A1A1685}.Debug|Any CPU.Build.0 = Debug|Any CPU
		{EF77FE23-77C2-44A3-B941-69619A1A1685}.Release|Any CPU.ActiveCfg = Release|Any CPU
		{EF77FE23-77C2-44A3-B941-69619A1A1685}.Release|Any CPU.Build.0 = Release|Any CPU
	EndGlobalSection
	GlobalSection(SolutionProperties) = preSolution
		HideSolutionNode = FALSE
	EndGlobalSection
	GlobalSection(ExtensibilityGlobals) = postSolution
		SolutionGuid = {C165D323-C562-423B-A4F3-8B2FD80B30C1}
	EndGlobalSection
EndGlobal
